
Microsoft Visual Studio Solution File, Format Version 12.00
# Visual Studio 14
VisualStudioVersion = 14.0.25420.1
MinimumVisualStudioVersion = 10.0.40219.1
Project("{FAE04EC0-301F-11D3-BF4B-00C04F79EFBC}") = "SelectionSort", "SelectionSort\SelectionSort.csproj", "{399E94BB-7E95-4C81-A9D5-D21F0D9E2BF5}"
EndProject
Project("{FAE04EC0-301F-11D3-BF4B-00C04F79EFBC}") = "SelectionSort.Test", "SelectionSort.Test\SelectionSort.Test.csproj", "{50E6124A-81F2-4B12-AE93-E7A7BB2D345B}"
EndProject
Global
	GlobalSection(SolutionConfigurationPlatforms) = preSolution
		Debug|Any CPU = Debug|Any CPU
		Release|Any CPU = Release|Any CPU
	EndGlobalSection
	GlobalSection(ProjectConfigurationPlatforms) = postSolution
		{399E94BB-7E95-4C81-A9D5-D21F0D9E2BF5}.Debug|Any CPU.ActiveCfg = Debug|Any CPU
		{399E94BB-7E95-4C81-A9D5-D21F0D9E2BF5}.Debug|Any CPU.Build.0 = Debug|Any CPU
		{399E94BB-7E95-4C81-A9D5-D21F0D9E2BF5}.Release|Any CPU.ActiveCfg = Release|Any CPU
		{399E94BB-7E95-4C81-A9D5-D21F0D9E2BF5}.Release|Any CPU.Build.0 = Release|Any CPU
		{50E6124A-81F2-4B12-AE93-E7A7BB2D345B}.Debug|Any CPU.ActiveCfg = Debug|Any CPU
		{50E6124A-81F2-4B12-AE93-E7A7BB2D345B}.Debug|Any CPU.Build.0 = Debug|Any CPU
		{50E6124A-81F2-4B12-AE93-E7A7BB2D345B}.Release|Any CPU.ActiveCfg = Release|Any CPU
		{50E6124A-81F2-4B12-AE93-E7A7BB2D345B}.Release|Any CPU.Build.0 = Release|Any CPU
	EndGlobalSection
	GlobalSection(SolutionProperties) = preSolution
		HideSolutionNode = FALSE
	EndGlobalSection
EndGlobal
